
Microsoft Visual Studio Solution File, Format Version 12.00
# Visual Studio 2017
Project("{FAE04EC0-301F-11D3-BF4B-00C04F79EFBC}") = "[UnityProject]HeroNeverDie.Plugins", "[UnityProject]HeroNeverDie.Plugins.csproj", "{EC1B2CEF-EFAF-3E5A-A7FA-DD3D823EBCD8}"
EndProject
Project("{FAE04EC0-301F-11D3-BF4B-00C04F79EFBC}") = "[UnityProject]HeroNeverDie", "[UnityProject]HeroNeverDie.csproj", "{663FAF3B-C0BF-3E87-67CD-6162B2BCA307}"
EndProject
Project("{FAE04EC0-301F-11D3-BF4B-00C04F79EFBC}") = "[UnityProject]HeroNeverDie.Editor.Plugins", "[UnityProject]HeroNeverDie.Editor.Plugins.csproj", "{34AFD796-3A83-B222-E648-67FB41FC482C}"
EndProject
Project("{FAE04EC0-301F-11D3-BF4B-00C04F79EFBC}") = "[UnityProject]HeroNeverDie.Editor", "[UnityProject]HeroNeverDie.Editor.csproj", "{4AB7FA35-BFDE-2188-276C-9AA8394B16BF}"
EndProject
Project("{FAE04EC0-301F-11D3-BF4B-00C04F79EFBC}") = "[UnityProject]HeroNeverDie.Editor", "[UnityProject]HeroNeverDie.Editor.csproj", "{4AB7FA35-BFDE-2188-276C-9AA8394B16BF}"
EndProject
Global
	GlobalSection(SolutionConfigurationPlatforms) = preSolution
		Debug|Any CPU = Debug|Any CPU
		Release|Any CPU = Release|Any CPU
	EndGlobalSection
	GlobalSection(ProjectConfigurationPlatforms) = postSolution
		{EC1B2CEF-EFAF-3E5A-A7FA-DD3D823EBCD8}.Debug|Any CPU.ActiveCfg = Debug|Any CPU
		{EC1B2CEF-EFAF-3E5A-A7FA-DD3D823EBCD8}.Debug|Any CPU.Build.0 = Debug|Any CPU
		{EC1B2CEF-EFAF-3E5A-A7FA-DD3D823EBCD8}.Release|Any CPU.ActiveCfg = Release|Any CPU
		{EC1B2CEF-EFAF-3E5A-A7FA-DD3D823EBCD8}.Release|Any CPU.Build.0 = Release|Any CPU
		{663FAF3B-C0BF-3E87-67CD-6162B2BCA307}.Debug|Any CPU.ActiveCfg = Debug|Any CPU
		{663FAF3B-C0BF-3E87-67CD-6162B2BCA307}.Debug|Any CPU.Build.0 = Debug|Any CPU
		{663FAF3B-C0BF-3E87-67CD-6162B2BCA307}.Release|Any CPU.ActiveCfg = Release|Any CPU
		{663FAF3B-C0BF-3E87-67CD-6162B2BCA307}.Release|Any CPU.Build.0 = Release|Any CPU
		{34AFD796-3A83-B222-E648-67FB41FC482C}.Debug|Any CPU.ActiveCfg = Debug|Any CPU
		{34AFD796-3A83-B222-E648-67FB41FC482C}.Debug|Any CPU.Build.0 = Debug|Any CPU
		{34AFD796-3A83-B222-E648-67FB41FC482C}.Release|Any CPU.ActiveCfg = Release|Any CPU
		{34AFD796-3A83-B222-E648-67FB41FC482C}.Release|Any CPU.Build.0 = Release|Any CPU
		{4AB7FA35-BFDE-2188-276C-9AA8394B16BF}.Debug|Any CPU.ActiveCfg = Debug|Any CPU
		{4AB7FA35-BFDE-2188-276C-9AA8394B16BF}.Debug|Any CPU.Build.0 = Debug|Any CPU
		{4AB7FA35-BFDE-2188-276C-9AA8394B16BF}.Release|Any CPU.ActiveCfg = Release|Any CPU
		{4AB7FA35-BFDE-2188-276C-9AA8394B16BF}.Release|Any CPU.Build.0 = Release|Any CPU
		{4AB7FA35-BFDE-2188-276C-9AA8394B16BF}.Debug|Any CPU.ActiveCfg = Debug|Any CPU
		{4AB7FA35-BFDE-2188-276C-9AA8394B16BF}.Debug|Any CPU.Build.0 = Debug|Any CPU
		{4AB7FA35-BFDE-2188-276C-9AA8394B16BF}.Release|Any CPU.ActiveCfg = Release|Any CPU
		{4AB7FA35-BFDE-2188-276C-9AA8394B16BF}.Release|Any CPU.Build.0 = Release|Any CPU
	EndGlobalSection
	GlobalSection(SolutionProperties) = preSolution
		HideSolutionNode = FALSE
	EndGlobalSection
EndGlobal
